
Microsoft Visual Studio Solution File, Format Version 12.00
# Visual Studio Version 17
VisualStudioVersion = 17.5.33414.496
MinimumVisualStudioVersion = 10.0.40219.1
Project("{8BC9CEB8-8B4A-11D0-8D11-00A0C91BC942}") = "SourceLocationDefaultParam", "SourceLocationDefaultParam\SourceLocationDefaultParam.vcxproj", "{F9F7541E-6975-43F3-9098-14F497EE1B11}"
EndProject
Project("{2150E333-8FDC-42A3-9474-1A3956D46DE8}") = "rapidjson-ice", "rapidjson-ice", "{FACD6CF0-B15B-4461-A8C5-73A8F8AE9720}"
	ProjectSection(SolutionItems) = preProject
		rapidjson-ice\README.md = rapidjson-ice\README.md
	EndProjectSection
EndProject
Project("{8BC9CEB8-8B4A-11D0-8D11-00A0C91BC942}") = "ModuleHeaderUnit", "rapidjson-ice\ModuleHeaderUnit\ModuleHeaderUnit.vcxproj", "{3C09A657-EBD9-4437-90A9-22AA4B5E4BF2}"
EndProject
Project("{8BC9CEB8-8B4A-11D0-8D11-00A0C91BC942}") = "TestApp", "rapidjson-ice\TestApp\TestApp.vcxproj", "{0DA5EC87-2FC1-480F-9BB9-74815D082955}"
EndProject
Project("{8BC9CEB8-8B4A-11D0-8D11-00A0C91BC942}") = "bad-return", "bad-return\bad-return.vcxproj", "{D1323641-F97A-4F38-B5A5-A965C5BED286}"
EndProject
Project("{8BC9CEB8-8B4A-11D0-8D11-00A0C91BC942}") = "module-debug-break", "module-debug-break\module-debug-break.vcxproj", "{C3878FB9-5032-4C5B-B5C0-0BFE228F4F47}"
EndProject
Project("{8BC9CEB8-8B4A-11D0-8D11-00A0C91BC942}") = "winrt-module", "winrt-module\winrt-module.vcxproj", "{B51FCC69-A40A-44E5-BFA7-7300CA2522B4}"
EndProject
Project("{8BC9CEB8-8B4A-11D0-8D11-00A0C91BC942}") = "ice-builtin", "ice-builtin\ice-builtin.vcxproj", "{D4018DD2-55C0-4F55-984E-0D09EEB98CCD}"
EndProject
Global
	GlobalSection(SolutionConfigurationPlatforms) = preSolution
		Debug|x64 = Debug|x64
		Debug|x86 = Debug|x86
		Release|x64 = Release|x64
		Release|x86 = Release|x86
	EndGlobalSection
	GlobalSection(ProjectConfigurationPlatforms) = postSolution
		{F9F7541E-6975-43F3-9098-14F497EE1B11}.Debug|x64.ActiveCfg = Debug|x64
		{F9F7541E-6975-43F3-9098-14F497EE1B11}.Debug|x64.Build.0 = Debug|x64
		{F9F7541E-6975-43F3-9098-14F497EE1B11}.Debug|x86.ActiveCfg = Debug|Win32
		{F9F7541E-6975-43F3-9098-14F497EE1B11}.Debug|x86.Build.0 = Debug|Win32
		{F9F7541E-6975-43F3-9098-14F497EE1B11}.Release|x64.ActiveCfg = Release|x64
		{F9F7541E-6975-43F3-9098-14F497EE1B11}.Release|x64.Build.0 = Release|x64
		{F9F7541E-6975-43F3-9098-14F497EE1B11}.Release|x86.ActiveCfg = Release|Win32
		{F9F7541E-6975-43F3-9098-14F497EE1B11}.Release|x86.Build.0 = Release|Win32
		{3C09A657-EBD9-4437-90A9-22AA4B5E4BF2}.Debug|x64.ActiveCfg = Debug|x64
		{3C09A657-EBD9-4437-90A9-22AA4B5E4BF2}.Debug|x64.Build.0 = Debug|x64
		{3C09A657-EBD9-4437-90A9-22AA4B5E4BF2}.Debug|x86.ActiveCfg = Debug|Win32
		{3C09A657-EBD9-4437-90A9-22AA4B5E4BF2}.Debug|x86.Build.0 = Debug|Win32
		{3C09A657-EBD9-4437-90A9-22AA4B5E4BF2}.Release|x64.ActiveCfg = Release|x64
		{3C09A657-EBD9-4437-90A9-22AA4B5E4BF2}.Release|x64.Build.0 = Release|x64
		{3C09A657-EBD9-4437-90A9-22AA4B5E4BF2}.Release|x86.ActiveCfg = Release|Win32
		{3C09A657-EBD9-4437-90A9-22AA4B5E4BF2}.Release|x86.Build.0 = Release|Win32
		{0DA5EC87-2FC1-480F-9BB9-74815D082955}.Debug|x64.ActiveCfg = Debug|x64
		{0DA5EC87-2FC1-480F-9BB9-74815D082955}.Debug|x64.Build.0 = Debug|x64
		{0DA5EC87-2FC1-480F-9BB9-74815D082955}.Debug|x86.ActiveCfg = Debug|Win32
		{0DA5EC87-2FC1-480F-9BB9-74815D082955}.Debug|x86.Build.0 = Debug|Win32
		{0DA5EC87-2FC1-480F-9BB9-74815D082955}.Release|x64.ActiveCfg = Release|x64
		{0DA5EC87-2FC1-480F-9BB9-74815D082955}.Release|x64.Build.0 = Release|x64
		{0DA5EC87-2FC1-480F-9BB9-74815D082955}.Release|x86.ActiveCfg = Release|Win32
		{0DA5EC87-2FC1-480F-9BB9-74815D082955}.Release|x86.Build.0 = Release|Win32
		{D1323641-F97A-4F38-B5A5-A965C5BED286}.Debug|x64.ActiveCfg = Debug|x64
		{D1323641-F97A-4F38-B5A5-A965C5BED286}.Debug|x64.Build.0 = Debug|x64
		{D1323641-F97A-4F38-B5A5-A965C5BED286}.Debug|x86.ActiveCfg = Debug|Win32
		{D1323641-F97A-4F38-B5A5-A965C5BED286}.Debug|x86.Build.0 = Debug|Win32
		{D1323641-F97A-4F38-B5A5-A965C5BED286}.Release|x64.ActiveCfg = Release|x64
		{D1323641-F97A-4F38-B5A5-A965C5BED286}.Release|x64.Build.0 = Release|x64
		{D1323641-F97A-4F38-B5A5-A965C5BED286}.Release|x86.ActiveCfg = Release|Win32
		{D1323641-F97A-4F38-B5A5-A965C5BED286}.Release|x86.Build.0 = Release|Win32
		{C3878FB9-5032-4C5B-B5C0-0BFE228F4F47}.Debug|x64.ActiveCfg = Debug|x64
		{C3878FB9-5032-4C5B-B5C0-0BFE228F4F47}.Debug|x64.Build.0 = Debug|x64
		{C3878FB9-5032-4C5B-B5C0-0BFE228F4F47}.Debug|x86.ActiveCfg = Debug|Win32
		{C3878FB9-5032-4C5B-B5C0-0BFE228F4F47}.Debug|x86.Build.0 = Debug|Win32
		{C3878FB9-5032-4C5B-B5C0-0BFE228F4F47}.Release|x64.ActiveCfg = Release|x64
		{C3878FB9-5032-4C5B-B5C0-0BFE228F4F47}.Release|x64.Build.0 = Release|x64
		{C3878FB9-5032-4C5B-B5C0-0BFE228F4F47}.Release|x86.ActiveCfg = Release|Win32
		{C3878FB9-5032-4C5B-B5C0-0BFE228F4F47}.Release|x86.Build.0 = Release|Win32
		{B51FCC69-A40A-44E5-BFA7-7300CA2522B4}.Debug|x64.ActiveCfg = Debug|x64
		{B51FCC69-A40A-44E5-BFA7-7300CA2522B4}.Debug|x64.Build.0 = Debug|x64
		{B51FCC69-A40A-44E5-BFA7-7300CA2522B4}.Debug|x86.ActiveCfg = Debug|Win32
		{B51FCC69-A40A-44E5-BFA7-7300CA2522B4}.Debug|x86.Build.0 = Debug|Win32
		{B51FCC69-A40A-44E5-BFA7-7300CA2522B4}.Release|x64.ActiveCfg = Release|x64
		{B51FCC69-A40A-44E5-BFA7-7300CA2522B4}.Release|x64.Build.0 = Release|x64
		{B51FCC69-A40A-44E5-BFA7-7300CA2522B4}.Release|x86.ActiveCfg = Release|Win32
		{B51FCC69-A40A-44E5-BFA7-7300CA2522B4}.Release|x86.Build.0 = Release|Win32
		{D4018DD2-55C0-4F55-984E-0D09EEB98CCD}.Debug|x64.ActiveCfg = Debug|x64
		{D4018DD2-55C0-4F55-984E-0D09EEB98CCD}.Debug|x64.Build.0 = Debug|x64
		{D4018DD2-55C0-4F55-984E-0D09EEB98CCD}.Debug|x86.ActiveCfg = Debug|Win32
		{D4018DD2-55C0-4F55-984E-0D09EEB98CCD}.Debug|x86.Build.0 = Debug|Win32
		{D4018DD2-55C0-4F55-984E-0D09EEB98CCD}.Release|x64.ActiveCfg = Release|x64
		{D4018DD2-55C0-4F55-984E-0D09EEB98CCD}.Release|x64.Build.0 = Release|x64
		{D4018DD2-55C0-4F55-984E-0D09EEB98CCD}.Release|x86.ActiveCfg = Release|Win32
		{D4018DD2-55C0-4F55-984E-0D09EEB98CCD}.Release|x86.Build.0 = Release|Win32
	EndGlobalSection
	GlobalSection(SolutionProperties) = preSolution
		HideSolutionNode = FALSE
	EndGlobalSection
	GlobalSection(NestedProjects) = preSolution
		{3C09A657-EBD9-4437-90A9-22AA4B5E4BF2} = {FACD6CF0-B15B-4461-A8C5-73A8F8AE9720}
		{0DA5EC87-2FC1-480F-9BB9-74815D082955} = {FACD6CF0-B15B-4461-A8C5-73A8F8AE9720}
	EndGlobalSection
	GlobalSection(ExtensibilityGlobals) = postSolution
		SolutionGuid = {2925244E-548A-4C57-99BD-8BB155A5DDDC}
	EndGlobalSection
EndGlobal
