
Microsoft Visual Studio Solution File, Format Version 12.00
# Visual Studio Version 17
VisualStudioVersion = 17.5.33414.496
MinimumVisualStudioVersion = 10.0.40219.1
Project("{8BC9CEB8-8B4A-11D0-8D11-00A0C91BC942}") = "SourceLocationDefaultParam", "SourceLocationDefaultParam\SourceLocationDefaultParam.vcxproj", "{F9F7541E-6975-43F3-9098-14F497EE1B11}"
EndProject
Project("{2150E333-8FDC-42A3-9474-1A3956D46DE8}") = "rapidjson-ice", "rapidjson-ice", "{FACD6CF0-B15B-4461-A8C5-73A8F8AE9720}"
	ProjectSection(SolutionItems) = preProject
		rapidjson-ice\README.md = rapidjson-ice\README.md
	EndProjectSection
EndProject
Project("{8BC9CEB8-8B4A-11D0-8D11-00A0C91BC942}") = "ModuleHeaderUnit", "rapidjson-ice\ModuleHeaderUnit\ModuleHeaderUnit.vcxproj", "{3C09A657-EBD9-4437-90A9-22AA4B5E4BF2}"
EndProject
Project("{8BC9CEB8-8B4A-11D0-8D11-00A0C91BC942}") = "TestApp", "rapidjson-ice\TestApp\TestApp.vcxproj", "{0DA5EC87-2FC1-480F-9BB9-74815D082955}"
EndProject
Project("{8BC9CEB8-8B4A-11D0-8D11-00A0C91BC942}") = "bad-return", "bad-return\bad-return.vcxproj", "{D1323641-F97A-4F38-B5A5-A965C5BED286}"
EndProject
Project("{8BC9CEB8-8B4A-11D0-8D11-00A0C91BC942}") = "module-debug-break", "module-debug-break\module-debug-break.vcxproj", "{C3878FB9-5032-4C5B-B5C0-0BFE228F4F47}"
EndProject
Project("{8BC9CEB8-8B4A-11D0-8D11-00A0C91BC942}") = "winrt-module", "winrt-module\winrt-module.vcxproj", "{B51FCC69-A40A-44E5-BFA7-7300CA2522B4}"
EndProject
Project("{8BC9CEB8-8B4A-11D0-8D11-00A0C91BC942}") = "ice-builtin", "ice-builtin\ice-builtin.vcxproj", "{D4018DD2-55C0-4F55-984E-0D09EEB98CCD}"
EndProject
Project("{8BC9CEB8-8B4A-11D0-8D11-00A0C91BC942}") = "consteval-bug", "consteval-bug\consteval-bug.vcxproj", "{A5156ED9-0AAA-4096-9CDC-FD87D15EE276}"
EndProject
Project("{8BC9CEB8-8B4A-11D0-8D11-00A0C91BC942}") = "spdlog-ice", "spdlog-ice\spdlog-ice.vcxproj", "{C53E09EB-F3CA-4ED2-A1A0-8768DA929675}"
EndProject
Project("{8BC9CEB8-8B4A-11D0-8D11-00A0C91BC942}") = "protobuf-module-header-ice", "protobuf-module-header-ice\protobuf-module-header-ice.vcxproj", "{81D73EE4-4C37-449A-B6E2-4A6D45A36573}"
EndProject
Project("{8BC9CEB8-8B4A-11D0-8D11-00A0C91BC942}") = "template-ice", "template-ice\template-ice.vcxproj", "{E0DEE748-A2DD-44E4-A34D-C8353C17E06B}"
EndProject
Project("{8BC9CEB8-8B4A-11D0-8D11-00A0C91BC942}") = "memcpy_s", "memcpy_s\memcpy_s.vcxproj", "{43B0339C-D11F-42DF-A84A-6ED57EABE4ED}"
EndProject
Project("{8BC9CEB8-8B4A-11D0-8D11-00A0C91BC942}") = "lambda-try-ice", "lambda-try-ice\lambda-try-ice.vcxproj", "{B19A880B-BA9C-4A8F-9215-4BCF23449F95}"
EndProject
Project("{8BC9CEB8-8B4A-11D0-8D11-00A0C91BC942}") = "static-tuple-ice", "static-tuple-ice\static-tuple-ice.vcxproj", "{71C6E0FA-4F98-455E-8C40-FC13598C2BA7}"
EndProject
Project("{8BC9CEB8-8B4A-11D0-8D11-00A0C91BC942}") = "private-module-fragment", "private-module-fragment\private-module-fragment.vcxproj", "{073528BF-876D-409D-B70A-4979A82B789E}"
EndProject
Project("{8BC9CEB8-8B4A-11D0-8D11-00A0C91BC942}") = "derived-bug", "derived-bug\derived-bug.vcxproj", "{71D79A90-ACF5-42EB-BBB7-D8C29974723E}"
EndProject
Project("{8BC9CEB8-8B4A-11D0-8D11-00A0C91BC942}") = "template-bug", "template-bug\template-bug.vcxproj", "{FF69020E-967F-42B2-A0CE-CE41CFF9C861}"
EndProject
Project("{8BC9CEB8-8B4A-11D0-8D11-00A0C91BC942}") = "module-format-bug", "module-format-bug\module-format-bug.vcxproj", "{2816D1B8-1493-4781-B6C5-768069BC7E75}"
EndProject
Global
	GlobalSection(SolutionConfigurationPlatforms) = preSolution
		Debug|x64 = Debug|x64
		Debug|x86 = Debug|x86
		Release|x64 = Release|x64
		Release|x86 = Release|x86
	EndGlobalSection
	GlobalSection(ProjectConfigurationPlatforms) = postSolution
		{F9F7541E-6975-43F3-9098-14F497EE1B11}.Debug|x64.ActiveCfg = Debug|x64
		{F9F7541E-6975-43F3-9098-14F497EE1B11}.Debug|x64.Build.0 = Debug|x64
		{F9F7541E-6975-43F3-9098-14F497EE1B11}.Debug|x86.ActiveCfg = Debug|Win32
		{F9F7541E-6975-43F3-9098-14F497EE1B11}.Debug|x86.Build.0 = Debug|Win32
		{F9F7541E-6975-43F3-9098-14F497EE1B11}.Release|x64.ActiveCfg = Release|x64
		{F9F7541E-6975-43F3-9098-14F497EE1B11}.Release|x64.Build.0 = Release|x64
		{F9F7541E-6975-43F3-9098-14F497EE1B11}.Release|x86.ActiveCfg = Release|Win32
		{F9F7541E-6975-43F3-9098-14F497EE1B11}.Release|x86.Build.0 = Release|Win32
		{3C09A657-EBD9-4437-90A9-22AA4B5E4BF2}.Debug|x64.ActiveCfg = Debug|x64
		{3C09A657-EBD9-4437-90A9-22AA4B5E4BF2}.Debug|x64.Build.0 = Debug|x64
		{3C09A657-EBD9-4437-90A9-22AA4B5E4BF2}.Debug|x86.ActiveCfg = Debug|Win32
		{3C09A657-EBD9-4437-90A9-22AA4B5E4BF2}.Debug|x86.Build.0 = Debug|Win32
		{3C09A657-EBD9-4437-90A9-22AA4B5E4BF2}.Release|x64.ActiveCfg = Release|x64
		{3C09A657-EBD9-4437-90A9-22AA4B5E4BF2}.Release|x64.Build.0 = Release|x64
		{3C09A657-EBD9-4437-90A9-22AA4B5E4BF2}.Release|x86.ActiveCfg = Release|Win32
		{3C09A657-EBD9-4437-90A9-22AA4B5E4BF2}.Release|x86.Build.0 = Release|Win32
		{0DA5EC87-2FC1-480F-9BB9-74815D082955}.Debug|x64.ActiveCfg = Debug|x64
		{0DA5EC87-2FC1-480F-9BB9-74815D082955}.Debug|x64.Build.0 = Debug|x64
		{0DA5EC87-2FC1-480F-9BB9-74815D082955}.Debug|x86.ActiveCfg = Debug|Win32
		{0DA5EC87-2FC1-480F-9BB9-74815D082955}.Debug|x86.Build.0 = Debug|Win32
		{0DA5EC87-2FC1-480F-9BB9-74815D082955}.Release|x64.ActiveCfg = Release|x64
		{0DA5EC87-2FC1-480F-9BB9-74815D082955}.Release|x64.Build.0 = Release|x64
		{0DA5EC87-2FC1-480F-9BB9-74815D082955}.Release|x86.ActiveCfg = Release|Win32
		{0DA5EC87-2FC1-480F-9BB9-74815D082955}.Release|x86.Build.0 = Release|Win32
		{D1323641-F97A-4F38-B5A5-A965C5BED286}.Debug|x64.ActiveCfg = Debug|x64
		{D1323641-F97A-4F38-B5A5-A965C5BED286}.Debug|x64.Build.0 = Debug|x64
		{D1323641-F97A-4F38-B5A5-A965C5BED286}.Debug|x86.ActiveCfg = Debug|Win32
		{D1323641-F97A-4F38-B5A5-A965C5BED286}.Debug|x86.Build.0 = Debug|Win32
		{D1323641-F97A-4F38-B5A5-A965C5BED286}.Release|x64.ActiveCfg = Release|x64
		{D1323641-F97A-4F38-B5A5-A965C5BED286}.Release|x64.Build.0 = Release|x64
		{D1323641-F97A-4F38-B5A5-A965C5BED286}.Release|x86.ActiveCfg = Release|Win32
		{D1323641-F97A-4F38-B5A5-A965C5BED286}.Release|x86.Build.0 = Release|Win32
		{C3878FB9-5032-4C5B-B5C0-0BFE228F4F47}.Debug|x64.ActiveCfg = Debug|x64
		{C3878FB9-5032-4C5B-B5C0-0BFE228F4F47}.Debug|x64.Build.0 = Debug|x64
		{C3878FB9-5032-4C5B-B5C0-0BFE228F4F47}.Debug|x86.ActiveCfg = Debug|Win32
		{C3878FB9-5032-4C5B-B5C0-0BFE228F4F47}.Debug|x86.Build.0 = Debug|Win32
		{C3878FB9-5032-4C5B-B5C0-0BFE228F4F47}.Release|x64.ActiveCfg = Release|x64
		{C3878FB9-5032-4C5B-B5C0-0BFE228F4F47}.Release|x64.Build.0 = Release|x64
		{C3878FB9-5032-4C5B-B5C0-0BFE228F4F47}.Release|x86.ActiveCfg = Release|Win32
		{C3878FB9-5032-4C5B-B5C0-0BFE228F4F47}.Release|x86.Build.0 = Release|Win32
		{B51FCC69-A40A-44E5-BFA7-7300CA2522B4}.Debug|x64.ActiveCfg = Debug|x64
		{B51FCC69-A40A-44E5-BFA7-7300CA2522B4}.Debug|x64.Build.0 = Debug|x64
		{B51FCC69-A40A-44E5-BFA7-7300CA2522B4}.Debug|x86.ActiveCfg = Debug|Win32
		{B51FCC69-A40A-44E5-BFA7-7300CA2522B4}.Debug|x86.Build.0 = Debug|Win32
		{B51FCC69-A40A-44E5-BFA7-7300CA2522B4}.Release|x64.ActiveCfg = Release|x64
		{B51FCC69-A40A-44E5-BFA7-7300CA2522B4}.Release|x64.Build.0 = Release|x64
		{B51FCC69-A40A-44E5-BFA7-7300CA2522B4}.Release|x86.ActiveCfg = Release|Win32
		{B51FCC69-A40A-44E5-BFA7-7300CA2522B4}.Release|x86.Build.0 = Release|Win32
		{D4018DD2-55C0-4F55-984E-0D09EEB98CCD}.Debug|x64.ActiveCfg = Debug|x64
		{D4018DD2-55C0-4F55-984E-0D09EEB98CCD}.Debug|x64.Build.0 = Debug|x64
		{D4018DD2-55C0-4F55-984E-0D09EEB98CCD}.Debug|x86.ActiveCfg = Debug|Win32
		{D4018DD2-55C0-4F55-984E-0D09EEB98CCD}.Debug|x86.Build.0 = Debug|Win32
		{D4018DD2-55C0-4F55-984E-0D09EEB98CCD}.Release|x64.ActiveCfg = Release|x64
		{D4018DD2-55C0-4F55-984E-0D09EEB98CCD}.Release|x64.Build.0 = Release|x64
		{D4018DD2-55C0-4F55-984E-0D09EEB98CCD}.Release|x86.ActiveCfg = Release|Win32
		{D4018DD2-55C0-4F55-984E-0D09EEB98CCD}.Release|x86.Build.0 = Release|Win32
		{A5156ED9-0AAA-4096-9CDC-FD87D15EE276}.Debug|x64.ActiveCfg = Debug|x64
		{A5156ED9-0AAA-4096-9CDC-FD87D15EE276}.Debug|x64.Build.0 = Debug|x64
		{A5156ED9-0AAA-4096-9CDC-FD87D15EE276}.Debug|x86.ActiveCfg = Debug|Win32
		{A5156ED9-0AAA-4096-9CDC-FD87D15EE276}.Debug|x86.Build.0 = Debug|Win32
		{A5156ED9-0AAA-4096-9CDC-FD87D15EE276}.Release|x64.ActiveCfg = Release|x64
		{A5156ED9-0AAA-4096-9CDC-FD87D15EE276}.Release|x64.Build.0 = Release|x64
		{A5156ED9-0AAA-4096-9CDC-FD87D15EE276}.Release|x86.ActiveCfg = Release|Win32
		{A5156ED9-0AAA-4096-9CDC-FD87D15EE276}.Release|x86.Build.0 = Release|Win32
		{C53E09EB-F3CA-4ED2-A1A0-8768DA929675}.Debug|x64.ActiveCfg = Debug|x64
		{C53E09EB-F3CA-4ED2-A1A0-8768DA929675}.Debug|x64.Build.0 = Debug|x64
		{C53E09EB-F3CA-4ED2-A1A0-8768DA929675}.Debug|x86.ActiveCfg = Debug|Win32
		{C53E09EB-F3CA-4ED2-A1A0-8768DA929675}.Debug|x86.Build.0 = Debug|Win32
		{C53E09EB-F3CA-4ED2-A1A0-8768DA929675}.Release|x64.ActiveCfg = Release|x64
		{C53E09EB-F3CA-4ED2-A1A0-8768DA929675}.Release|x64.Build.0 = Release|x64
		{C53E09EB-F3CA-4ED2-A1A0-8768DA929675}.Release|x86.ActiveCfg = Release|Win32
		{C53E09EB-F3CA-4ED2-A1A0-8768DA929675}.Release|x86.Build.0 = Release|Win32
		{81D73EE4-4C37-449A-B6E2-4A6D45A36573}.Debug|x64.ActiveCfg = Debug|x64
		{81D73EE4-4C37-449A-B6E2-4A6D45A36573}.Debug|x64.Build.0 = Debug|x64
		{81D73EE4-4C37-449A-B6E2-4A6D45A36573}.Debug|x86.ActiveCfg = Debug|Win32
		{81D73EE4-4C37-449A-B6E2-4A6D45A36573}.Debug|x86.Build.0 = Debug|Win32
		{81D73EE4-4C37-449A-B6E2-4A6D45A36573}.Release|x64.ActiveCfg = Release|x64
		{81D73EE4-4C37-449A-B6E2-4A6D45A36573}.Release|x64.Build.0 = Release|x64
		{81D73EE4-4C37-449A-B6E2-4A6D45A36573}.Release|x86.ActiveCfg = Release|Win32
		{81D73EE4-4C37-449A-B6E2-4A6D45A36573}.Release|x86.Build.0 = Release|Win32
		{E0DEE748-A2DD-44E4-A34D-C8353C17E06B}.Debug|x64.ActiveCfg = Debug|x64
		{E0DEE748-A2DD-44E4-A34D-C8353C17E06B}.Debug|x64.Build.0 = Debug|x64
		{E0DEE748-A2DD-44E4-A34D-C8353C17E06B}.Debug|x86.ActiveCfg = Debug|Win32
		{E0DEE748-A2DD-44E4-A34D-C8353C17E06B}.Debug|x86.Build.0 = Debug|Win32
		{E0DEE748-A2DD-44E4-A34D-C8353C17E06B}.Release|x64.ActiveCfg = Release|x64
		{E0DEE748-A2DD-44E4-A34D-C8353C17E06B}.Release|x64.Build.0 = Release|x64
		{E0DEE748-A2DD-44E4-A34D-C8353C17E06B}.Release|x86.ActiveCfg = Release|Win32
		{E0DEE748-A2DD-44E4-A34D-C8353C17E06B}.Release|x86.Build.0 = Release|Win32
		{43B0339C-D11F-42DF-A84A-6ED57EABE4ED}.Debug|x64.ActiveCfg = Debug|x64
		{43B0339C-D11F-42DF-A84A-6ED57EABE4ED}.Debug|x64.Build.0 = Debug|x64
		{43B0339C-D11F-42DF-A84A-6ED57EABE4ED}.Debug|x86.ActiveCfg = Debug|Win32
		{43B0339C-D11F-42DF-A84A-6ED57EABE4ED}.Debug|x86.Build.0 = Debug|Win32
		{43B0339C-D11F-42DF-A84A-6ED57EABE4ED}.Release|x64.ActiveCfg = Release|x64
		{43B0339C-D11F-42DF-A84A-6ED57EABE4ED}.Release|x64.Build.0 = Release|x64
		{43B0339C-D11F-42DF-A84A-6ED57EABE4ED}.Release|x86.ActiveCfg = Release|Win32
		{43B0339C-D11F-42DF-A84A-6ED57EABE4ED}.Release|x86.Build.0 = Release|Win32
		{B19A880B-BA9C-4A8F-9215-4BCF23449F95}.Debug|x64.ActiveCfg = Debug|x64
		{B19A880B-BA9C-4A8F-9215-4BCF23449F95}.Debug|x64.Build.0 = Debug|x64
		{B19A880B-BA9C-4A8F-9215-4BCF23449F95}.Debug|x86.ActiveCfg = Debug|Win32
		{B19A880B-BA9C-4A8F-9215-4BCF23449F95}.Debug|x86.Build.0 = Debug|Win32
		{B19A880B-BA9C-4A8F-9215-4BCF23449F95}.Release|x64.ActiveCfg = Release|x64
		{B19A880B-BA9C-4A8F-9215-4BCF23449F95}.Release|x64.Build.0 = Release|x64
		{B19A880B-BA9C-4A8F-9215-4BCF23449F95}.Release|x86.ActiveCfg = Release|Win32
		{B19A880B-BA9C-4A8F-9215-4BCF23449F95}.Release|x86.Build.0 = Release|Win32
		{71C6E0FA-4F98-455E-8C40-FC13598C2BA7}.Debug|x64.ActiveCfg = Debug|x64
		{71C6E0FA-4F98-455E-8C40-FC13598C2BA7}.Debug|x64.Build.0 = Debug|x64
		{71C6E0FA-4F98-455E-8C40-FC13598C2BA7}.Debug|x86.ActiveCfg = Debug|Win32
		{71C6E0FA-4F98-455E-8C40-FC13598C2BA7}.Debug|x86.Build.0 = Debug|Win32
		{71C6E0FA-4F98-455E-8C40-FC13598C2BA7}.Release|x64.ActiveCfg = Release|x64
		{71C6E0FA-4F98-455E-8C40-FC13598C2BA7}.Release|x64.Build.0 = Release|x64
		{71C6E0FA-4F98-455E-8C40-FC13598C2BA7}.Release|x86.ActiveCfg = Release|Win32
		{71C6E0FA-4F98-455E-8C40-FC13598C2BA7}.Release|x86.Build.0 = Release|Win32
		{073528BF-876D-409D-B70A-4979A82B789E}.Debug|x64.ActiveCfg = Debug|x64
		{073528BF-876D-409D-B70A-4979A82B789E}.Debug|x64.Build.0 = Debug|x64
		{073528BF-876D-409D-B70A-4979A82B789E}.Debug|x86.ActiveCfg = Debug|Win32
		{073528BF-876D-409D-B70A-4979A82B789E}.Debug|x86.Build.0 = Debug|Win32
		{073528BF-876D-409D-B70A-4979A82B789E}.Release|x64.ActiveCfg = Release|x64
		{073528BF-876D-409D-B70A-4979A82B789E}.Release|x64.Build.0 = Release|x64
		{073528BF-876D-409D-B70A-4979A82B789E}.Release|x86.ActiveCfg = Release|Win32
		{073528BF-876D-409D-B70A-4979A82B789E}.Release|x86.Build.0 = Release|Win32
		{71D79A90-ACF5-42EB-BBB7-D8C29974723E}.Debug|x64.ActiveCfg = Debug|x64
		{71D79A90-ACF5-42EB-BBB7-D8C29974723E}.Debug|x64.Build.0 = Debug|x64
		{71D79A90-ACF5-42EB-BBB7-D8C29974723E}.Debug|x86.ActiveCfg = Debug|Win32
		{71D79A90-ACF5-42EB-BBB7-D8C29974723E}.Debug|x86.Build.0 = Debug|Win32
		{71D79A90-ACF5-42EB-BBB7-D8C29974723E}.Release|x64.ActiveCfg = Release|x64
		{71D79A90-ACF5-42EB-BBB7-D8C29974723E}.Release|x64.Build.0 = Release|x64
		{71D79A90-ACF5-42EB-BBB7-D8C29974723E}.Release|x86.ActiveCfg = Release|Win32
		{71D79A90-ACF5-42EB-BBB7-D8C29974723E}.Release|x86.Build.0 = Release|Win32
		{FF69020E-967F-42B2-A0CE-CE41CFF9C861}.Debug|x64.ActiveCfg = Debug|x64
		{FF69020E-967F-42B2-A0CE-CE41CFF9C861}.Debug|x64.Build.0 = Debug|x64
		{FF69020E-967F-42B2-A0CE-CE41CFF9C861}.Debug|x86.ActiveCfg = Debug|Win32
		{FF69020E-967F-42B2-A0CE-CE41CFF9C861}.Debug|x86.Build.0 = Debug|Win32
		{FF69020E-967F-42B2-A0CE-CE41CFF9C861}.Release|x64.ActiveCfg = Release|x64
		{FF69020E-967F-42B2-A0CE-CE41CFF9C861}.Release|x64.Build.0 = Release|x64
		{FF69020E-967F-42B2-A0CE-CE41CFF9C861}.Release|x86.ActiveCfg = Release|Win32
		{FF69020E-967F-42B2-A0CE-CE41CFF9C861}.Release|x86.Build.0 = Release|Win32
		{2816D1B8-1493-4781-B6C5-768069BC7E75}.Debug|x64.ActiveCfg = Debug|x64
		{2816D1B8-1493-4781-B6C5-768069BC7E75}.Debug|x64.Build.0 = Debug|x64
		{2816D1B8-1493-4781-B6C5-768069BC7E75}.Debug|x86.ActiveCfg = Debug|Win32
		{2816D1B8-1493-4781-B6C5-768069BC7E75}.Debug|x86.Build.0 = Debug|Win32
		{2816D1B8-1493-4781-B6C5-768069BC7E75}.Release|x64.ActiveCfg = Release|x64
		{2816D1B8-1493-4781-B6C5-768069BC7E75}.Release|x64.Build.0 = Release|x64
		{2816D1B8-1493-4781-B6C5-768069BC7E75}.Release|x86.ActiveCfg = Release|Win32
		{2816D1B8-1493-4781-B6C5-768069BC7E75}.Release|x86.Build.0 = Release|Win32
	EndGlobalSection
	GlobalSection(SolutionProperties) = preSolution
		HideSolutionNode = FALSE
	EndGlobalSection
	GlobalSection(NestedProjects) = preSolution
		{3C09A657-EBD9-4437-90A9-22AA4B5E4BF2} = {FACD6CF0-B15B-4461-A8C5-73A8F8AE9720}
		{0DA5EC87-2FC1-480F-9BB9-74815D082955} = {FACD6CF0-B15B-4461-A8C5-73A8F8AE9720}
	EndGlobalSection
	GlobalSection(ExtensibilityGlobals) = postSolution
		SolutionGuid = {2925244E-548A-4C57-99BD-8BB155A5DDDC}
	EndGlobalSection
EndGlobal
